// !$*UTF8*$!
{
	archiveVersion = 1;
	classes = {
	};
	objectVersion = 48;
	objects = {

/* Begin PBXBuildFile section */
		3DADF381206D8C09002F5939 /* AppDelegate.swift in Sources */ = {isa = PBXBuildFile; fileRef = 3DADF380206D8C09002F5939 /* AppDelegate.swift */; };
		3DADF383206D8C09002F5939 /* ViewController.swift in Sources */ = {isa = PBXBuildFile; fileRef = 3DADF382206D8C09002F5939 /* ViewController.swift */; };
		3DADF386206D8C09002F5939 /* Main.storyboard in Resources */ = {isa = PBXBuildFile; fileRef = 3DADF384206D8C09002F5939 /* Main.storyboard */; };
		3DADF388206D8C09002F5939 /* Assets.xcassets in Resources */ = {isa = PBXBuildFile; fileRef = 3DADF387206D8C09002F5939 /* Assets.xcassets */; };
		3DADF38B206D8C09002F5939 /* LaunchScreen.storyboard in Resources */ = {isa = PBXBuildFile; fileRef = 3DADF389206D8C09002F5939 /* LaunchScreen.storyboard */; };
		3DADF396206D8C09002F5939 /* CanvasTests.swift in Sources */ = {isa = PBXBuildFile; fileRef = 3DADF395206D8C09002F5939 /* CanvasTests.swift */; };
		3DADF3A1206D8C09002F5939 /* CanvasUITests.swift in Sources */ = {isa = PBXBuildFile; fileRef = 3DADF3A0206D8C09002F5939 /* CanvasUITests.swift */; };
/* End PBXBuildFile section */

/* Begin PBXContainerItemProxy section */
		3DADF392206D8C09002F5939 /* PBXContainerItemProxy */ = {
			isa = PBXContainerItemProxy;
			containerPortal = 3DADF375206D8C09002F5939 /* Project object */;
			proxyType = 1;
			remoteGlobalIDString = 3DADF37C206D8C09002F5939;
			remoteInfo = Canvas;
		};
		3DADF39D206D8C09002F5939 /* PBXContainerItemProxy */ = {
			isa = PBXContainerItemProxy;
			containerPortal = 3DADF375206D8C09002F5939 /* Project object */;
			proxyType = 1;
			remoteGlobalIDString = 3DADF37C206D8C09002F5939;
			remoteInfo = Canvas;
		};
/* End PBXContainerItemProxy section */

/* Begin PBXFileReference section */
		3DADF37D206D8C09002F5939 /* Canvas.app */ = {isa = PBXFileReference; explicitFileType = wrapper.application; includeInIndex = 0; path = Canvas.app; sourceTree = BUILT_PRODUCTS_DIR; };
		3DADF380206D8C09002F5939 /* AppDelegate.swift */ = {isa = PBXFileReference; lastKnownFileType = sourcecode.swift; path = AppDelegate.swift; sourceTree = "<group>"; };
		3DADF382206D8C09002F5939 /* ViewController.swift */ = {isa = PBXFileReference; lastKnownFileType = sourcecode.swift; path = ViewController.swift; sourceTree = "<group>"; };
		3DADF385206D8C09002F5939 /* Base */ = {isa = PBXFileReference; lastKnownFileType = file.storyboard; name = Base; path = Base.lproj/Main.storyboard; sourceTree = "<group>"; };
		3DADF387206D8C09002F5939 /* Assets.xcassets */ = {isa = PBXFileReference; lastKnownFileType = folder.assetcatalog; path = Assets.xcassets; sourceTree = "<group>"; };
		3DADF38A206D8C09002F5939 /* Base */ = {isa = PBXFileReference; lastKnownFileType = file.storyboard; name = Base; path = Base.lproj/LaunchScreen.storyboard; sourceTree = "<group>"; };
		3DADF38C206D8C09002F5939 /* Info.plist */ = {isa = PBXFileReference; lastKnownFileType = text.plist.xml; path = Info.plist; sourceTree = "<group>"; };
		3DADF391206D8C09002F5939 /* CanvasTests.xctest */ = {isa = PBXFileReference; explicitFileType = wrapper.cfbundle; includeInIndex = 0; path = CanvasTests.xctest; sourceTree = BUILT_PRODUCTS_DIR; };
		3DADF395206D8C09002F5939 /* CanvasTests.swift */ = {isa = PBXFileReference; lastKnownFileType = sourcecode.swift; path = CanvasTests.swift; sourceTree = "<group>"; };
		3DADF397206D8C09002F5939 /* Info.plist */ = {isa = PBXFileReference; lastKnownFileType = text.plist.xml; path = Info.plist; sourceTree = "<group>"; };
		3DADF39C206D8C09002F5939 /* CanvasUITests.xctest */ = {isa = PBXFileReference; explicitFileType = wrapper.cfbundle; includeInIndex = 0; path = CanvasUITests.xctest; sourceTree = BUILT_PRODUCTS_DIR; };
		3DADF3A0206D8C09002F5939 /* CanvasUITests.swift */ = {isa = PBXFileReference; lastKnownFileType = sourcecode.swift; path = CanvasUITests.swift; sourceTree = "<group>"; };
		3DADF3A2206D8C09002F5939 /* Info.plist */ = {isa = PBXFileReference; lastKnownFileType = text.plist.xml; path = Info.plist; sourceTree = "<group>"; };
/* End PBXFileReference section */

/* Begin PBXFrameworksBuildPhase section */
		3DADF37A206D8C09002F5939 /* Frameworks */ = {
			isa = PBXFrameworksBuildPhase;
			buildActionMask = 2147483647;
			files = (
			);
			runOnlyForDeploymentPostprocessing = 0;
		};
		3DADF38E206D8C09002F5939 /* Frameworks */ = {
			isa = PBXFrameworksBuildPhase;
			buildActionMask = 2147483647;
			files = (
			);
			runOnlyForDeploymentPostprocessing = 0;
		};
		3DADF399206D8C09002F5939 /* Frameworks */ = {
			isa = PBXFrameworksBuildPhase;
			buildActionMask = 2147483647;
			files = (
			);
			runOnlyForDeploymentPostprocessing = 0;
		};
/* End PBXFrameworksBuildPhase section */

/* Begin PBXGroup section */
		3DADF374206D8C09002F5939 = {
			isa = PBXGroup;
			children = (
				3DADF37F206D8C09002F5939 /* Canvas */,
				3DADF394206D8C09002F5939 /* CanvasTests */,
				3DADF39F206D8C09002F5939 /* CanvasUITests */,
				3DADF37E206D8C09002F5939 /* Products */,
			);
			sourceTree = "<group>";
		};
		3DADF37E206D8C09002F5939 /* Products */ = {
			isa = PBXGroup;
			children = (
				3DADF37D206D8C09002F5939 /* Canvas.app */,
				3DADF391206D8C09002F5939 /* CanvasTests.xctest */,
				3DADF39C206D8C09002F5939 /* CanvasUITests.xctest */,
			);
			name = Products;
			sourceTree = "<group>";
		};
		3DADF37F206D8C09002F5939 /* Canvas */ = {
			isa = PBXGroup;
			children = (
				3DADF380206D8C09002F5939 /* AppDelegate.swift */,
				3DADF382206D8C09002F5939 /* ViewController.swift */,
				3DADF384206D8C09002F5939 /* Main.storyboard */,
				3DADF387206D8C09002F5939 /* Assets.xcassets */,
				3DADF389206D8C09002F5939 /* LaunchScreen.storyboard */,
				3DADF38C206D8C09002F5939 /* Info.plist */,
			);
			path = Canvas;
			sourceTree = "<group>";
		};
		3DADF394206D8C09002F5939 /* CanvasTests */ = {
			isa = PBXGroup;
			children = (
				3DADF395206D8C09002F5939 /* CanvasTests.swift */,
				3DADF397206D8C09002F5939 /* Info.plist */,
			);
			path = CanvasTests;
			sourceTree = "<group>";
		};
		3DADF39F206D8C09002F5939 /* CanvasUITests */ = {
			isa = PBXGroup;
			children = (
				3DADF3A0206D8C09002F5939 /* CanvasUITests.swift */,
				3DADF3A2206D8C09002F5939 /* Info.plist */,
			);
			path = CanvasUITests;
			sourceTree = "<group>";
		};
/* End PBXGroup section */

/* Begin PBXNativeTarget section */
		3DADF37C206D8C09002F5939 /* Canvas */ = {
			isa = PBXNativeTarget;
			buildConfigurationList = 3DADF3A5206D8C09002F5939 /* Build configuration list for PBXNativeTarget "Canvas" */;
			buildPhases = (
				3DADF379206D8C09002F5939 /* Sources */,
				3DADF37A206D8C09002F5939 /* Frameworks */,
				3DADF37B206D8C09002F5939 /* Resources */,
			);
			buildRules = (
			);
			dependencies = (
			);
			name = Canvas;
			productName = Canvas;
			productReference = 3DADF37D206D8C09002F5939 /* Canvas.app */;
			productType = "com.apple.product-type.application";
		};
		3DADF390206D8C09002F5939 /* CanvasTests */ = {
			isa = PBXNativeTarget;
			buildConfigurationList = 3DADF3A8206D8C09002F5939 /* Build configuration list for PBXNativeTarget "CanvasTests" */;
			buildPhases = (
				3DADF38D206D8C09002F5939 /* Sources */,
				3DADF38E206D8C09002F5939 /* Frameworks */,
				3DADF38F206D8C09002F5939 /* Resources */,
			);
			buildRules = (
			);
			dependencies = (
				3DADF393206D8C09002F5939 /* PBXTargetDependency */,
			);
			name = CanvasTests;
			productName = CanvasTests;
			productReference = 3DADF391206D8C09002F5939 /* CanvasTests.xctest */;
			productType = "com.apple.product-type.bundle.unit-test";
		};
		3DADF39B206D8C09002F5939 /* CanvasUITests */ = {
			isa = PBXNativeTarget;
			buildConfigurationList = 3DADF3AB206D8C09002F5939 /* Build configuration list for PBXNativeTarget "CanvasUITests" */;
			buildPhases = (
				3DADF398206D8C09002F5939 /* Sources */,
				3DADF399206D8C09002F5939 /* Frameworks */,
				3DADF39A206D8C09002F5939 /* Resources */,
			);
			buildRules = (
			);
			dependencies = (
				3DADF39E206D8C09002F5939 /* PBXTargetDependency */,
			);
			name = CanvasUITests;
			productName = CanvasUITests;
			productReference = 3DADF39C206D8C09002F5939 /* CanvasUITests.xctest */;
			productType = "com.apple.product-type.bundle.ui-testing";
		};
/* End PBXNativeTarget section */

/* Begin PBXProject section */
		3DADF375206D8C09002F5939 /* Project object */ = {
			isa = PBXProject;
			attributes = {
				LastSwiftUpdateCheck = 0920;
				LastUpgradeCheck = 0920;
				ORGANIZATIONNAME = "Tianyu Liang";
				TargetAttributes = {
					3DADF37C206D8C09002F5939 = {
						CreatedOnToolsVersion = 9.2;
						ProvisioningStyle = Automatic;
					};
					3DADF390206D8C09002F5939 = {
						CreatedOnToolsVersion = 9.2;
						ProvisioningStyle = Automatic;
						TestTargetID = 3DADF37C206D8C09002F5939;
					};
					3DADF39B206D8C09002F5939 = {
						CreatedOnToolsVersion = 9.2;
						ProvisioningStyle = Automatic;
						TestTargetID = 3DADF37C206D8C09002F5939;
					};
				};
			};
			buildConfigurationList = 3DADF378206D8C09002F5939 /* Build configuration list for PBXProject "Canvas" */;
			compatibilityVersion = "Xcode 8.0";
			developmentRegion = en;
			hasScannedForEncodings = 0;
			knownRegions = (
				en,
				Base,
			);
			mainGroup = 3DADF374206D8C09002F5939;
			productRefGroup = 3DADF37E206D8C09002F5939 /* Products */;
			projectDirPath = "";
			projectRoot = "";
			targets = (
				3DADF37C206D8C09002F5939 /* Canvas */,
				3DADF390206D8C09002F5939 /* CanvasTests */,
				3DADF39B206D8C09002F5939 /* CanvasUITests */,
			);
		};
/* End PBXProject section */

/* Begin PBXResourcesBuildPhase section */
		3DADF37B206D8C09002F5939 /* Resources */ = {
			isa = PBXResourcesBuildPhase;
			buildActionMask = 2147483647;
			files = (
				3DADF38B206D8C09002F5939 /* LaunchScreen.storyboard in Resources */,
				3DADF388206D8C09002F5939 /* Assets.xcassets in Resources */,
				3DADF386206D8C09002F5939 /* Main.storyboard in Resources */,
			);
			runOnlyForDeploymentPostprocessing = 0;
		};
		3DADF38F206D8C09002F5939 /* Resources */ = {
			isa = PBXResourcesBuildPhase;
			buildActionMask = 2147483647;
			files = (
			);
			runOnlyForDeploymentPostprocessing = 0;
		};
		3DADF39A206D8C09002F5939 /* Resources */ = {
			isa = PBXResourcesBuildPhase;
			buildActionMask = 2147483647;
			files = (
			);
			runOnlyForDeploymentPostprocessing = 0;
		};
/* End PBXResourcesBuildPhase section */

/* Begin PBXSourcesBuildPhase section */
		3DADF379206D8C09002F5939 /* Sources */ = {
			isa = PBXSourcesBuildPhase;
			buildActionMask = 2147483647;
			files = (
				3DADF383206D8C09002F5939 /* ViewController.swift in Sources */,
				3DADF381206D8C09002F5939 /* AppDelegate.swift in Sources */,
			);
			runOnlyForDeploymentPostprocessing = 0;
		};
		3DADF38D206D8C09002F5939 /* Sources */ = {
			isa = PBXSourcesBuildPhase;
			buildActionMask = 2147483647;
			files = (
				3DADF396206D8C09002F5939 /* CanvasTests.swift in Sources */,
			);
			runOnlyForDeploymentPostprocessing = 0;
		};
		3DADF398206D8C09002F5939 /* Sources */ = {
			isa = PBXSourcesBuildPhase;
			buildActionMask = 2147483647;
			files = (
				3DADF3A1206D8C09002F5939 /* CanvasUITests.swift in Sources */,
			);
			runOnlyForDeploymentPostprocessing = 0;
		};
/* End PBXSourcesBuildPhase section */

/* Begin PBXTargetDependency section */
		3DADF393206D8C09002F5939 /* PBXTargetDependency */ = {
			isa = PBXTargetDependency;
			target = 3DADF37C206D8C09002F5939 /* Canvas */;
			targetProxy = 3DADF392206D8C09002F5939 /* PBXContainerItemProxy */;
		};
		3DADF39E206D8C09002F5939 /* PBXTargetDependency */ = {
			isa = PBXTargetDependency;
			target = 3DADF37C206D8C09002F5939 /* Canvas */;
			targetProxy = 3DADF39D206D8C09002F5939 /* PBXContainerItemProxy */;
		};
/* End PBXTargetDependency section */

/* Begin PBXVariantGroup section */
		3DADF384206D8C09002F5939 /* Main.storyboard */ = {
			isa = PBXVariantGroup;
			children = (
				3DADF385206D8C09002F5939 /* Base */,
			);
			name = Main.storyboard;
			sourceTree = "<group>";
		};
		3DADF389206D8C09002F5939 /* LaunchScreen.storyboard */ = {
			isa = PBXVariantGroup;
			children = (
				3DADF38A206D8C09002F5939 /* Base */,
			);
			name = LaunchScreen.storyboard;
			sourceTree = "<group>";
		};
/* End PBXVariantGroup section */

/* Begin XCBuildConfiguration section */
		3DADF3A3206D8C09002F5939 /* Debug */ = {
			isa = XCBuildConfiguration;
			buildSettings = {
				ALWAYS_SEARCH_USER_PATHS = NO;
				CLANG_ANALYZER_NONNULL = YES;
				CLANG_ANALYZER_NUMBER_OBJECT_CONVERSION = YES_AGGRESSIVE;
				CLANG_CXX_LANGUAGE_STANDARD = "gnu++14";
				CLANG_CXX_LIBRARY = "libc++";
				CLANG_ENABLE_MODULES = YES;
				CLANG_ENABLE_OBJC_ARC = YES;
				CLANG_WARN_BLOCK_CAPTURE_AUTORELEASING = YES;
				CLANG_WARN_BOOL_CONVERSION = YES;
				CLANG_WARN_COMMA = YES;
				CLANG_WARN_CONSTANT_CONVERSION = YES;
				CLANG_WARN_DIRECT_OBJC_ISA_USAGE = YES_ERROR;
				CLANG_WARN_DOCUMENTATION_COMMENTS = YES;
				CLANG_WARN_EMPTY_BODY = YES;
				CLANG_WARN_ENUM_CONVERSION = YES;
				CLANG_WARN_INFINITE_RECURSION = YES;
				CLANG_WARN_INT_CONVERSION = YES;
				CLANG_WARN_NON_LITERAL_NULL_CONVERSION = YES;
				CLANG_WARN_OBJC_LITERAL_CONVERSION = YES;
				CLANG_WARN_OBJC_ROOT_CLASS = YES_ERROR;
				CLANG_WARN_RANGE_LOOP_ANALYSIS = YES;
				CLANG_WARN_STRICT_PROTOTYPES = YES;
				CLANG_WARN_SUSPICIOUS_MOVE = YES;
				CLANG_WARN_UNGUARDED_AVAILABILITY = YES_AGGRESSIVE;
				CLANG_WARN_UNREACHABLE_CODE = YES;
				CLANG_WARN__DUPLICATE_METHOD_MATCH = YES;
				CODE_SIGN_IDENTITY = "iPhone Developer";
				COPY_PHASE_STRIP = NO;
				DEBUG_INFORMATION_FORMAT = dwarf;
				ENABLE_STRICT_OBJC_MSGSEND = YES;
				ENABLE_TESTABILITY = YES;
				GCC_C_LANGUAGE_STANDARD = gnu11;
				GCC_DYNAMIC_NO_PIC = NO;
				GCC_NO_COMMON_BLOCKS = YES;
				GCC_OPTIMIZATION_LEVEL = 0;
				GCC_PREPROCESSOR_DEFINITIONS = (
					"DEBUG=1",
					"$(inherited)",
				);
				GCC_WARN_64_TO_32_BIT_CONVERSION = YES;
				GCC_WARN_ABOUT_RETURN_TYPE = YES_ERROR;
				GCC_WARN_UNDECLARED_SELECTOR = YES;
				GCC_WARN_UNINITIALIZED_AUTOS = YES_AGGRESSIVE;
				GCC_WARN_UNUSED_FUNCTION = YES;
				GCC_WARN_UNUSED_VARIABLE = YES;
				IPHONEOS_DEPLOYMENT_TARGET = 11.2;
				MTL_ENABLE_DEBUG_INFO = YES;
				ONLY_ACTIVE_ARCH = YES;
				SDKROOT = iphoneos;
				SWIFT_ACTIVE_COMPILATION_CONDITIONS = DEBUG;
				SWIFT_OPTIMIZATION_LEVEL = "-Onone";
			};
			name = Debug;
		};
		3DADF3A4206D8C09002F5939 /* Release */ = {
			isa = XCBuildConfiguration;
			buildSettings = {
				ALWAYS_SEARCH_USER_PATHS = NO;
				CLANG_ANALYZER_NONNULL = YES;
				CLANG_ANALYZER_NUMBER_OBJECT_CONVERSION = YES_AGGRESSIVE;
				CLANG_CXX_LANGUAGE_STANDARD = "gnu++14";
				CLANG_CXX_LIBRARY = "libc++";
				CLANG_ENABLE_MODULES = YES;
				CLANG_ENABLE_OBJC_ARC = YES;
				CLANG_WARN_BLOCK_CAPTURE_AUTORELEASING = YES;
				CLANG_WARN_BOOL_CONVERSION = YES;
				CLANG_WARN_COMMA = YES;
				CLANG_WARN_CONSTANT_CONVERSION = YES;
				CLANG_WARN_DIRECT_OBJC_ISA_USAGE = YES_ERROR;
				CLANG_WARN_DOCUMENTATION_COMMENTS = YES;
				CLANG_WARN_EMPTY_BODY = YES;
				CLANG_WARN_ENUM_CONVERSION = YES;
				CLANG_WARN_INFINITE_RECURSION = YES;
				CLANG_WARN_INT_CONVERSION = YES;
				CLANG_WARN_NON_LITERAL_NULL_CONVERSION = YES;
				CLANG_WARN_OBJC_LITERAL_CONVERSION = YES;
				CLANG_WARN_OBJC_ROOT_CLASS = YES_ERROR;
				CLANG_WARN_RANGE_LOOP_ANALYSIS = YES;
				CLANG_WARN_STRICT_PROTOTYPES = YES;
				CLANG_WARN_SUSPICIOUS_MOVE = YES;
				CLANG_WARN_UNGUARDED_AVAILABILITY = YES_AGGRESSIVE;
				CLANG_WARN_UNREACHABLE_CODE = YES;
				CLANG_WARN__DUPLICATE_METHOD_MATCH = YES;
				CODE_SIGN_IDENTITY = "iPhone Developer";
				COPY_PHASE_STRIP = NO;
				DEBUG_INFORMATION_FORMAT = "dwarf-with-dsym";
				ENABLE_NS_ASSERTIONS = NO;
				ENABLE_STRICT_OBJC_MSGSEND = YES;
				GCC_C_LANGUAGE_STANDARD = gnu11;
				GCC_NO_COMMON_BLOCKS = YES;
				GCC_WARN_64_TO_32_BIT_CONVERSION = YES;
				GCC_WARN_ABOUT_RETURN_TYPE = YES_ERROR;
				GCC_WARN_UNDECLARED_SELECTOR = YES;
				GCC_WARN_UNINITIALIZED_AUTOS = YES_AGGRESSIVE;
				GCC_WARN_UNUSED_FUNCTION = YES;
				GCC_WARN_UNUSED_VARIABLE = YES;
				IPHONEOS_DEPLOYMENT_TARGET = 11.2;
				MTL_ENABLE_DEBUG_INFO = NO;
				SDKROOT = iphoneos;
				SWIFT_OPTIMIZATION_LEVEL = "-Owholemodule";
				VALIDATE_PRODUCT = YES;
			};
			name = Release;
		};
		3DADF3A6206D8C09002F5939 /* Debug */ = {
			isa = XCBuildConfiguration;
			buildSettings = {
				ASSETCATALOG_COMPILER_APPICON_NAME = AppIcon;
				CODE_SIGN_STYLE = Automatic;
				INFOPLIST_FILE = Canvas/Info.plist;
				LD_RUNPATH_SEARCH_PATHS = "$(inherited) @executable_path/Frameworks";
				PRODUCT_BUNDLE_IDENTIFIER = gooby.Canvas;
				PRODUCT_NAME = "$(TARGET_NAME)";
				SWIFT_VERSION = 4.0;
				TARGETED_DEVICE_FAMILY = "1,2";
			};
			name = Debug;
		};
		3DADF3A7206D8C09002F5939 /* Release */ = {
			isa = XCBuildConfiguration;
			buildSettings = {
				ASSETCATALOG_COMPILER_APPICON_NAME = AppIcon;
				CODE_SIGN_STYLE = Automatic;
				INFOPLIST_FILE = Canvas/Info.plist;
				LD_RUNPATH_SEARCH_PATHS = "$(inherited) @executable_path/Frameworks";
				PRODUCT_BUNDLE_IDENTIFIER = gooby.Canvas;
				PRODUCT_NAME = "$(TARGET_NAME)";
				SWIFT_VERSION = 4.0;
				TARGETED_DEVICE_FAMILY = "1,2";
			};
			name = Release;
		};
		3DADF3A9206D8C09002F5939 /* Debug */ = {
			isa = XCBuildConfiguration;
			buildSettings = {
				ALWAYS_EMBED_SWIFT_STANDARD_LIBRARIES = YES;
				BUNDLE_LOADER = "$(TEST_HOST)";
				CODE_SIGN_STYLE = Automatic;
				INFOPLIST_FILE = CanvasTests/Info.plist;
				LD_RUNPATH_SEARCH_PATHS = "$(inherited) @executable_path/Frameworks @loader_path/Frameworks";
				PRODUCT_BUNDLE_IDENTIFIER = gooby.CanvasTests;
				PRODUCT_NAME = "$(TARGET_NAME)";
				SWIFT_VERSION = 4.0;
				TARGETED_DEVICE_FAMILY = "1,2";
				TEST_HOST = "$(BUILT_PRODUCTS_DIR)/Canvas.app/Canvas";
			};
			name = Debug;
		};
		3DADF3AA206D8C09002F5939 /* Release */ = {
			isa = XCBuildConfiguration;
			buildSettings = {
				ALWAYS_EMBED_SWIFT_STANDARD_LIBRARIES = YES;
				BUNDLE_LOADER = "$(TEST_HOST)";
				CODE_SIGN_STYLE = Automatic;
				INFOPLIST_FILE = CanvasTests/Info.plist;
				LD_RUNPATH_SEARCH_PATHS = "$(inherited) @executable_path/Frameworks @loader_path/Frameworks";
				PRODUCT_BUNDLE_IDENTIFIER = gooby.CanvasTests;
				PRODUCT_NAME = "$(TARGET_NAME)";
				SWIFT_VERSION = 4.0;
				TARGETED_DEVICE_FAMILY = "1,2";
				TEST_HOST = "$(BUILT_PRODUCTS_DIR)/Canvas.app/Canvas";
			};
			name = Release;
		};
		3DADF3AC206D8C09002F5939 /* Debug */ = {
			isa = XCBuildConfiguration;
			buildSettings = {
				ALWAYS_EMBED_SWIFT_STANDARD_LIBRARIES = YES;
				CODE_SIGN_STYLE = Automatic;
				INFOPLIST_FILE = CanvasUITests/Info.plist;
				LD_RUNPATH_SEARCH_PATHS = "$(inherited) @executable_path/Frameworks @loader_path/Frameworks";
				PRODUCT_BUNDLE_IDENTIFIER = gooby.CanvasUITests;
				PRODUCT_NAME = "$(TARGET_NAME)";
				SWIFT_VERSION = 4.0;
				TARGETED_DEVICE_FAMILY = "1,2";
				TEST_TARGET_NAME = Canvas;
			};
			name = Debug;
		};
		3DADF3AD206D8C09002F5939 /* Release */ = {
			isa = XCBuildConfiguration;
			buildSettings = {
				ALWAYS_EMBED_SWIFT_STANDARD_LIBRARIES = YES;
				CODE_SIGN_STYLE = Automatic;
				INFOPLIST_FILE = CanvasUITests/Info.plist;
				LD_RUNPATH_SEARCH_PATHS = "$(inherited) @executable_path/Frameworks @loader_path/Frameworks";
				PRODUCT_BUNDLE_IDENTIFIER = gooby.CanvasUITests;
				PRODUCT_NAME = "$(TARGET_NAME)";
				SWIFT_VERSION = 4.0;
				TARGETED_DEVICE_FAMILY = "1,2";
				TEST_TARGET_NAME = Canvas;
			};
			name = Release;
		};
/* End XCBuildConfiguration section */

/* Begin XCConfigurationList section */
		3DADF378206D8C09002F5939 /* Build configuration list for PBXProject "Canvas" */ = {
			isa = XCConfigurationList;
			buildConfigurations = (
				3DADF3A3206D8C09002F5939 /* Debug */,
				3DADF3A4206D8C09002F5939 /* Release */,
			);
			defaultConfigurationIsVisible = 0;
			defaultConfigurationName = Release;
		};
		3DADF3A5206D8C09002F5939 /* Build configuration list for PBXNativeTarget "Canvas" */ = {
			isa = XCConfigurationList;
			buildConfigurations = (
				3DADF3A6206D8C09002F5939 /* Debug */,
				3DADF3A7206D8C09002F5939 /* Release */,
			);
			defaultConfigurationIsVisible = 0;
			defaultConfigurationName = Release;
		};
		3DADF3A8206D8C09002F5939 /* Build configuration list for PBXNativeTarget "CanvasTests" */ = {
			isa = XCConfigurationList;
			buildConfigurations = (
				3DADF3A9206D8C09002F5939 /* Debug */,
				3DADF3AA206D8C09002F5939 /* Release */,
			);
			defaultConfigurationIsVisible = 0;
			defaultConfigurationName = Release;
		};
		3DADF3AB206D8C09002F5939 /* Build configuration list for PBXNativeTarget "CanvasUITests" */ = {
			isa = XCConfigurationList;
			buildConfigurations = (
				3DADF3AC206D8C09002F5939 /* Debug */,
				3DADF3AD206D8C09002F5939 /* Release */,
			);
			defaultConfigurationIsVisible = 0;
			defaultConfigurationName = Release;
		};
/* End XCConfigurationList section */
	};
	rootObject = 3DADF375206D8C09002F5939 /* Project object */;
}
